
Microsoft Visual Studio Solution File, Format Version 12.00
# Visual Studio 14
VisualStudioVersion = 14.0.23107.0
MinimumVisualStudioVersion = 10.0.40219.1
Project("{FAE04EC0-301F-11D3-BF4B-00C04F79EFBC}") = "Pager", "Pager\Pager.csproj", "{1D9A40F7-1375-44A2-BA58-20E57F1EAE59}"
EndProject
Project("{FAE04EC0-301F-11D3-BF4B-00C04F79EFBC}") = "Page4.0", "PageBar\Page4.0.csproj", "{3B58D6DA-DE7C-471F-9242-B306624D60BE}"
EndProject
Global
	GlobalSection(SolutionConfigurationPlatforms) = preSolution
		Debug|Any CPU = Debug|Any CPU
		Release|Any CPU = Release|Any CPU
	EndGlobalSection
	GlobalSection(ProjectConfigurationPlatforms) = postSolution
		{1D9A40F7-1375-44A2-BA58-20E57F1EAE59}.Debug|Any CPU.ActiveCfg = Debug|Any CPU
		{1D9A40F7-1375-44A2-BA58-20E57F1EAE59}.Debug|Any CPU.Build.0 = Debug|Any CPU
		{1D9A40F7-1375-44A2-BA58-20E57F1EAE59}.Release|Any CPU.ActiveCfg = Release|Any CPU
		{1D9A40F7-1375-44A2-BA58-20E57F1EAE59}.Release|Any CPU.Build.0 = Release|Any CPU
		{3B58D6DA-DE7C-471F-9242-B306624D60BE}.Debug|Any CPU.ActiveCfg = Debug|Any CPU
		{3B58D6DA-DE7C-471F-9242-B306624D60BE}.Debug|Any CPU.Build.0 = Debug|Any CPU
		{3B58D6DA-DE7C-471F-9242-B306624D60BE}.Release|Any CPU.ActiveCfg = Release|Any CPU
		{3B58D6DA-DE7C-471F-9242-B306624D60BE}.Release|Any CPU.Build.0 = Release|Any CPU
	EndGlobalSection
	GlobalSection(SolutionProperties) = preSolution
		HideSolutionNode = FALSE
	EndGlobalSection
EndGlobal
